
Microsoft Visual Studio Solution File, Format Version 12.00
# Visual Studio Version 17
VisualStudioVersion = 17.11.35327.3
MinimumVisualStudioVersion = 10.0.40219.1
Project("{FAE04EC0-301F-11D3-BF4B-00C04F79EFBC}") = "MesesFunciones", "MesesFunciones\MesesFunciones.csproj", "{D81DF1BD-D4E6-4761-9A0D-B3B6C6C2CFAE}"
EndProject
Global
	GlobalSection(SolutionConfigurationPlatforms) = preSolution
		Debug|Any CPU = Debug|Any CPU
		Release|Any CPU = Release|Any CPU
	EndGlobalSection
	GlobalSection(ProjectConfigurationPlatforms) = postSolution
		{D81DF1BD-D4E6-4761-9A0D-B3B6C6C2CFAE}.Debug|Any CPU.ActiveCfg = Debug|Any CPU
		{D81DF1BD-D4E6-4761-9A0D-B3B6C6C2CFAE}.Debug|Any CPU.Build.0 = Debug|Any CPU
		{D81DF1BD-D4E6-4761-9A0D-B3B6C6C2CFAE}.Release|Any CPU.ActiveCfg = Release|Any CPU
		{D81DF1BD-D4E6-4761-9A0D-B3B6C6C2CFAE}.Release|Any CPU.Build.0 = Release|Any CPU
	EndGlobalSection
	GlobalSection(SolutionProperties) = preSolution
		HideSolutionNode = FALSE
	EndGlobalSection
	GlobalSection(ExtensibilityGlobals) = postSolution
		SolutionGuid = {C21B5070-6437-4697-A41B-BA310252E13F}
	EndGlobalSection
EndGlobal
